{
  "version": 4,
  "terraform_version": "1.2.4",
  "serial": 8,
  "lineage": "bd5bdb0e-d48f-c329-c610-e9b21f5e27e6",
  "outputs": {
    "azurerm_resource_group_location": {
      "value": "eastus",
      "type": "string"
    },
    "resource_group_name": {
      "value": "resource-group-team2",
      "type": "string"
    },
    "subnets_id": {
      "value": [
        "/subscriptions/6896efad-ddfe-4662-b811-ee6f2766976f/resourceGroups/resource-group-team2/providers/Microsoft.Network/virtualNetworks/team2-network/subnets/subnet1",
        "/subscriptions/6896efad-ddfe-4662-b811-ee6f2766976f/resourceGroups/resource-group-team2/providers/Microsoft.Network/virtualNetworks/team2-network/subnets/subnet2",
        "/subscriptions/6896efad-ddfe-4662-b811-ee6f2766976f/resourceGroups/resource-group-team2/providers/Microsoft.Network/virtualNetworks/team2-network/subnets/subnet3"
      ],
      "type": [
        "list",
        "string"
      ]
    },
    "vnet_id": {
      "value": "/subscriptions/6896efad-ddfe-4662-b811-ee6f2766976f/resourceGroups/resource-group-team2/providers/Microsoft.Network/virtualNetworks/team2-network",
      "type": "string"
    },
    "vnet_name": {
      "value": "team2-network",
      "type": "string"
    }
  },
  "resources": [
    {
      "mode": "managed",
      "type": "azurerm_network_security_group",
      "name": "team2",
      "provider": "provider[\"registry.terraform.io/hashicorp/azurerm\"]",
      "instances": [
        {
          "schema_version": 0,
          "attributes": {
            "id": "/subscriptions/6896efad-ddfe-4662-b811-ee6f2766976f/resourceGroups/resource-group-team2/providers/Microsoft.Network/networkSecurityGroups/team2-security-group",
            "location": "eastus",
            "name": "team2-security-group",
            "resource_group_name": "resource-group-team2",
            "security_rule": [
              {
                "access": "Allow",
                "description": "",
                "destination_address_prefix": "*",
                "destination_address_prefixes": [],
                "destination_application_security_group_ids": [],
                "destination_port_range": "*",
                "destination_port_ranges": [],
                "direction": "Inbound",
                "name": "main",
                "priority": 100,
                "protocol": "Tcp",
                "source_address_prefix": "*",
                "source_address_prefixes": [],
                "source_application_security_group_ids": [],
                "source_port_range": "*",
                "source_port_ranges": []
              }
            ],
            "tags": {
              "name": "team2"
            },
            "timeouts": null
          },
          "sensitive_attributes": [],
          "private": "eyJlMmJmYjczMC1lY2FhLTExZTYtOGY4OC0zNDM2M2JjN2M0YzAiOnsiY3JlYXRlIjoxODAwMDAwMDAwMDAwLCJkZWxldGUiOjE4MDAwMDAwMDAwMDAsInJlYWQiOjMwMDAwMDAwMDAwMCwidXBkYXRlIjoxODAwMDAwMDAwMDAwfX0=",
          "dependencies": [
            "azurerm_resource_group.team2"
          ]
        }
      ]
    },
    {
      "mode": "managed",
      "type": "azurerm_resource_group",
      "name": "team2",
      "provider": "provider[\"registry.terraform.io/hashicorp/azurerm\"]",
      "instances": [
        {
          "schema_version": 0,
          "attributes": {
            "id": "/subscriptions/6896efad-ddfe-4662-b811-ee6f2766976f/resourceGroups/resource-group-team2",
            "location": "eastus",
            "name": "resource-group-team2",
            "tags": {},
            "timeouts": null
          },
          "sensitive_attributes": [],
          "private": "eyJlMmJmYjczMC1lY2FhLTExZTYtOGY4OC0zNDM2M2JjN2M0YzAiOnsiY3JlYXRlIjo1NDAwMDAwMDAwMDAwLCJkZWxldGUiOjU0MDAwMDAwMDAwMDAsInJlYWQiOjMwMDAwMDAwMDAwMCwidXBkYXRlIjo1NDAwMDAwMDAwMDAwfX0="
        }
      ]
    },
    {
      "mode": "managed",
      "type": "azurerm_virtual_network",
      "name": "team2",
      "provider": "provider[\"registry.terraform.io/hashicorp/azurerm\"]",
      "instances": [
        {
          "schema_version": 0,
          "attributes": {
            "address_space": [
              "10.0.0.0/16"
            ],
            "bgp_community": "",
            "ddos_protection_plan": [],
            "dns_servers": [],
            "edge_zone": "",
            "flow_timeout_in_minutes": 0,
            "guid": "87d689ac-4a71-4e77-816b-0324df992f02",
            "id": "/subscriptions/6896efad-ddfe-4662-b811-ee6f2766976f/resourceGroups/resource-group-team2/providers/Microsoft.Network/virtualNetworks/team2-network",
            "location": "eastus",
            "name": "team2-network",
            "resource_group_name": "resource-group-team2",
            "subnet": [
              {
                "address_prefix": "10.0.1.0/24",
                "id": "/subscriptions/6896efad-ddfe-4662-b811-ee6f2766976f/resourceGroups/resource-group-team2/providers/Microsoft.Network/virtualNetworks/team2-network/subnets/subnet1",
                "name": "subnet1",
                "security_group": "/subscriptions/6896efad-ddfe-4662-b811-ee6f2766976f/resourceGroups/resource-group-team2/providers/Microsoft.Network/networkSecurityGroups/team2-security-group"
              },
              {
                "address_prefix": "10.0.2.0/24",
                "id": "/subscriptions/6896efad-ddfe-4662-b811-ee6f2766976f/resourceGroups/resource-group-team2/providers/Microsoft.Network/virtualNetworks/team2-network/subnets/subnet2",
                "name": "subnet2",
                "security_group": "/subscriptions/6896efad-ddfe-4662-b811-ee6f2766976f/resourceGroups/resource-group-team2/providers/Microsoft.Network/networkSecurityGroups/team2-security-group"
              },
              {
                "address_prefix": "10.0.3.0/24",
                "id": "/subscriptions/6896efad-ddfe-4662-b811-ee6f2766976f/resourceGroups/resource-group-team2/providers/Microsoft.Network/virtualNetworks/team2-network/subnets/subnet3",
                "name": "subnet3",
                "security_group": "/subscriptions/6896efad-ddfe-4662-b811-ee6f2766976f/resourceGroups/resource-group-team2/providers/Microsoft.Network/networkSecurityGroups/team2-security-group"
              }
            ],
            "tags": {
              "name": "team2"
            },
            "timeouts": null
          },
          "sensitive_attributes": [],
          "private": "eyJlMmJmYjczMC1lY2FhLTExZTYtOGY4OC0zNDM2M2JjN2M0YzAiOnsiY3JlYXRlIjoxODAwMDAwMDAwMDAwLCJkZWxldGUiOjE4MDAwMDAwMDAwMDAsInJlYWQiOjMwMDAwMDAwMDAwMCwidXBkYXRlIjoxODAwMDAwMDAwMDAwfX0=",
          "dependencies": [
            "azurerm_network_security_group.team2",
            "azurerm_resource_group.team2"
          ]
        }
      ]
    }
  ]
}
